
Microsoft Visual Studio Solution File, Format Version 12.00
# Visual Studio Version 16
VisualStudioVersion = 16.0.29215.179
MinimumVisualStudioVersion = 10.0.40219.1
Project("{FAE04EC0-301F-11D3-BF4B-00C04F79EFBC}") = "100000Scrambles", "100000Scrambles\100000Scrambles.csproj", "{3609D588-6A6A-4BC5-A825-C08E0F81F183}"
EndProject
Global
	GlobalSection(SolutionConfigurationPlatforms) = preSolution
		Debug|Any CPU = Debug|Any CPU
		Release|Any CPU = Release|Any CPU
	EndGlobalSection
	GlobalSection(ProjectConfigurationPlatforms) = postSolution
		{3609D588-6A6A-4BC5-A825-C08E0F81F183}.Debug|Any CPU.ActiveCfg = Debug|Any CPU
		{3609D588-6A6A-4BC5-A825-C08E0F81F183}.Debug|Any CPU.Build.0 = Debug|Any CPU
		{3609D588-6A6A-4BC5-A825-C08E0F81F183}.Release|Any CPU.ActiveCfg = Release|Any CPU
		{3609D588-6A6A-4BC5-A825-C08E0F81F183}.Release|Any CPU.Build.0 = Release|Any CPU
	EndGlobalSection
	GlobalSection(SolutionProperties) = preSolution
		HideSolutionNode = FALSE
	EndGlobalSection
	GlobalSection(ExtensibilityGlobals) = postSolution
		SolutionGuid = {68DF0CF0-6469-4E12-82EA-95E5259CFF0E}
	EndGlobalSection
EndGlobal
